
Microsoft Visual Studio Solution File, Format Version 12.00
# Visual Studio Version 17
VisualStudioVersion = 17.0.32014.148
MinimumVisualStudioVersion = 10.0.40219.1
Project("{FAE04EC0-301F-11D3-BF4B-00C04F79EFBC}") = "SimpleBank.Application", "SimpleBank.Application\SimpleBank.Application.csproj", "{9F865BD0-A2A0-44D9-8A10-9C978B394126}"
EndProject
Project("{FAE04EC0-301F-11D3-BF4B-00C04F79EFBC}") = "SimpleBank.Application.Tests", "SimpleBank.Application.Tests\SimpleBank.Application.Tests.csproj", "{992074F1-D7B6-438A-827D-59FB626762A0}"
EndProject
Project("{FAE04EC0-301F-11D3-BF4B-00C04F79EFBC}") = "SimpleBank.Data", "SimpleBank.Data\SimpleBank.Data.csproj", "{FDAA9178-B2B0-4110-B79C-2E715C4704E4}"
EndProject
Global
	GlobalSection(SolutionConfigurationPlatforms) = preSolution
		Debug|Any CPU = Debug|Any CPU
		Release|Any CPU = Release|Any CPU
	EndGlobalSection
	GlobalSection(ProjectConfigurationPlatforms) = postSolution
		{9F865BD0-A2A0-44D9-8A10-9C978B394126}.Debug|Any CPU.ActiveCfg = Debug|Any CPU
		{9F865BD0-A2A0-44D9-8A10-9C978B394126}.Debug|Any CPU.Build.0 = Debug|Any CPU
		{9F865BD0-A2A0-44D9-8A10-9C978B394126}.Release|Any CPU.ActiveCfg = Release|Any CPU
		{9F865BD0-A2A0-44D9-8A10-9C978B394126}.Release|Any CPU.Build.0 = Release|Any CPU
		{992074F1-D7B6-438A-827D-59FB626762A0}.Debug|Any CPU.ActiveCfg = Debug|Any CPU
		{992074F1-D7B6-438A-827D-59FB626762A0}.Debug|Any CPU.Build.0 = Debug|Any CPU
		{992074F1-D7B6-438A-827D-59FB626762A0}.Release|Any CPU.ActiveCfg = Release|Any CPU
		{992074F1-D7B6-438A-827D-59FB626762A0}.Release|Any CPU.Build.0 = Release|Any CPU
		{FDAA9178-B2B0-4110-B79C-2E715C4704E4}.Debug|Any CPU.ActiveCfg = Debug|Any CPU
		{FDAA9178-B2B0-4110-B79C-2E715C4704E4}.Debug|Any CPU.Build.0 = Debug|Any CPU
		{FDAA9178-B2B0-4110-B79C-2E715C4704E4}.Release|Any CPU.ActiveCfg = Release|Any CPU
		{FDAA9178-B2B0-4110-B79C-2E715C4704E4}.Release|Any CPU.Build.0 = Release|Any CPU
	EndGlobalSection
	GlobalSection(SolutionProperties) = preSolution
		HideSolutionNode = FALSE
	EndGlobalSection
	GlobalSection(ExtensibilityGlobals) = postSolution
		SolutionGuid = {B9A901DA-A54E-466B-9C0A-D417A4A1F705}
	EndGlobalSection
EndGlobal
